// !$*UTF8*$!
{
	archiveVersion = 1;
	classes = {
	};
	objectVersion = 55;
	objects = {

/* Begin PBXBuildFile section */
		0D03A2E928D6FD53006BACF6 /* Discover.storyboard in Resources */ = {isa = PBXBuildFile; fileRef = 0D03A2E828D6FD53006BACF6 /* Discover.storyboard */; };
		0D71939D28D61C71003A4C0E /* AppDelegate.swift in Sources */ = {isa = PBXBuildFile; fileRef = 0D71939C28D61C71003A4C0E /* AppDelegate.swift */; };
		0D71939F28D61C71003A4C0E /* SceneDelegate.swift in Sources */ = {isa = PBXBuildFile; fileRef = 0D71939E28D61C71003A4C0E /* SceneDelegate.swift */; };
		0D7193A128D61C71003A4C0E /* ViewController.swift in Sources */ = {isa = PBXBuildFile; fileRef = 0D7193A028D61C71003A4C0E /* ViewController.swift */; };
		0D7193A628D61C75003A4C0E /* Assets.xcassets in Resources */ = {isa = PBXBuildFile; fileRef = 0D7193A528D61C75003A4C0E /* Assets.xcassets */; };
		0D7193A928D61C75003A4C0E /* LaunchScreen.storyboard in Resources */ = {isa = PBXBuildFile; fileRef = 0D7193A728D61C75003A4C0E /* LaunchScreen.storyboard */; };
		0D7193DF28D6F4A5003A4C0E /* MainViewController.swift in Sources */ = {isa = PBXBuildFile; fileRef = 0D7193DE28D6F4A5003A4C0E /* MainViewController.swift */; };
		0D7193E128D6F4D7003A4C0E /* HomeViewController.swift in Sources */ = {isa = PBXBuildFile; fileRef = 0D7193E028D6F4D7003A4C0E /* HomeViewController.swift */; };
		0D7193E328D6F4E3003A4C0E /* RankViewController.swift in Sources */ = {isa = PBXBuildFile; fileRef = 0D7193E228D6F4E3003A4C0E /* RankViewController.swift */; };
		0D7193E528D6F4F4003A4C0E /* DiscoverViewController.swift in Sources */ = {isa = PBXBuildFile; fileRef = 0D7193E428D6F4F4003A4C0E /* DiscoverViewController.swift */; };
		0D90A46C28D6F6AC0025EA16 /* ProfileViewController.swift in Sources */ = {isa = PBXBuildFile; fileRef = 0D90A46B28D6F6AC0025EA16 /* ProfileViewController.swift */; };
		0D90A47128D6FA0F0025EA16 /* Main.storyboard in Resources */ = {isa = PBXBuildFile; fileRef = 0D90A47028D6FA0F0025EA16 /* Main.storyboard */; };
		0D90A47B28D6FB200025EA16 /* Home.storyboard in Resources */ = {isa = PBXBuildFile; fileRef = 0D90A47A28D6FB200025EA16 /* Home.storyboard */; };
		0D90A47D28D6FB3C0025EA16 /* Rank.storyboard in Resources */ = {isa = PBXBuildFile; fileRef = 0D90A47C28D6FB3C0025EA16 /* Rank.storyboard */; };
		0D90A48528D6FBFF0025EA16 /* Profile.storyboard in Resources */ = {isa = PBXBuildFile; fileRef = 0D90A48428D6FBFF0025EA16 /* Profile.storyboard */; };
/* End PBXBuildFile section */

/* Begin PBXFileReference section */
		0D03A2E828D6FD53006BACF6 /* Discover.storyboard */ = {isa = PBXFileReference; fileEncoding = 4; lastKnownFileType = file.storyboard; path = Discover.storyboard; sourceTree = "<group>"; };
		0D71939928D61C71003A4C0E /* AYTV.app */ = {isa = PBXFileReference; explicitFileType = wrapper.application; includeInIndex = 0; path = AYTV.app; sourceTree = BUILT_PRODUCTS_DIR; };
		0D71939C28D61C71003A4C0E /* AppDelegate.swift */ = {isa = PBXFileReference; lastKnownFileType = sourcecode.swift; path = AppDelegate.swift; sourceTree = "<group>"; };
		0D71939E28D61C71003A4C0E /* SceneDelegate.swift */ = {isa = PBXFileReference; lastKnownFileType = sourcecode.swift; path = SceneDelegate.swift; sourceTree = "<group>"; };
		0D7193A028D61C71003A4C0E /* ViewController.swift */ = {isa = PBXFileReference; lastKnownFileType = sourcecode.swift; path = ViewController.swift; sourceTree = "<group>"; };
		0D7193A528D61C75003A4C0E /* Assets.xcassets */ = {isa = PBXFileReference; lastKnownFileType = folder.assetcatalog; path = Assets.xcassets; sourceTree = "<group>"; };
		0D7193A828D61C75003A4C0E /* Base */ = {isa = PBXFileReference; lastKnownFileType = file.storyboard; name = Base; path = Base.lproj/LaunchScreen.storyboard; sourceTree = "<group>"; };
		0D7193AA28D61C75003A4C0E /* Info.plist */ = {isa = PBXFileReference; lastKnownFileType = text.plist.xml; path = Info.plist; sourceTree = "<group>"; };
		0D7193DE28D6F4A5003A4C0E /* MainViewController.swift */ = {isa = PBXFileReference; lastKnownFileType = sourcecode.swift; path = MainViewController.swift; sourceTree = "<group>"; };
		0D7193E028D6F4D7003A4C0E /* HomeViewController.swift */ = {isa = PBXFileReference; lastKnownFileType = sourcecode.swift; path = HomeViewController.swift; sourceTree = "<group>"; };
		0D7193E228D6F4E3003A4C0E /* RankViewController.swift */ = {isa = PBXFileReference; lastKnownFileType = sourcecode.swift; path = RankViewController.swift; sourceTree = "<group>"; };
		0D7193E428D6F4F4003A4C0E /* DiscoverViewController.swift */ = {isa = PBXFileReference; lastKnownFileType = sourcecode.swift; path = DiscoverViewController.swift; sourceTree = "<group>"; };
		0D90A46B28D6F6AC0025EA16 /* ProfileViewController.swift */ = {isa = PBXFileReference; lastKnownFileType = sourcecode.swift; path = ProfileViewController.swift; sourceTree = "<group>"; };
		0D90A47028D6FA0F0025EA16 /* Main.storyboard */ = {isa = PBXFileReference; fileEncoding = 4; lastKnownFileType = file.storyboard; path = Main.storyboard; sourceTree = "<group>"; };
		0D90A47A28D6FB200025EA16 /* Home.storyboard */ = {isa = PBXFileReference; fileEncoding = 4; lastKnownFileType = file.storyboard; path = Home.storyboard; sourceTree = "<group>"; };
		0D90A47C28D6FB3C0025EA16 /* Rank.storyboard */ = {isa = PBXFileReference; fileEncoding = 4; lastKnownFileType = file.storyboard; path = Rank.storyboard; sourceTree = "<group>"; };
		0D90A48428D6FBFF0025EA16 /* Profile.storyboard */ = {isa = PBXFileReference; fileEncoding = 4; lastKnownFileType = file.storyboard; path = Profile.storyboard; sourceTree = "<group>"; };
/* End PBXFileReference section */

/* Begin PBXFrameworksBuildPhase section */
		0D71939628D61C71003A4C0E /* Frameworks */ = {
			isa = PBXFrameworksBuildPhase;
			buildActionMask = 2147483647;
			files = (
			);
			runOnlyForDeploymentPostprocessing = 0;
		};
/* End PBXFrameworksBuildPhase section */

/* Begin PBXGroup section */
		0D71939028D61C71003A4C0E = {
			isa = PBXGroup;
			children = (
				0D71939B28D61C71003A4C0E /* AYTV */,
				0D71939A28D61C71003A4C0E /* Products */,
			);
			sourceTree = "<group>";
		};
		0D71939A28D61C71003A4C0E /* Products */ = {
			isa = PBXGroup;
			children = (
				0D71939928D61C71003A4C0E /* AYTV.app */,
			);
			name = Products;
			sourceTree = "<group>";
		};
		0D71939B28D61C71003A4C0E /* AYTV */ = {
			isa = PBXGroup;
			children = (
				0D7193B028D6F06C003A4C0E /* Classes */,
				0D71939C28D61C71003A4C0E /* AppDelegate.swift */,
				0D71939E28D61C71003A4C0E /* SceneDelegate.swift */,
				0D7193A028D61C71003A4C0E /* ViewController.swift */,
				0D7193A528D61C75003A4C0E /* Assets.xcassets */,
				0D7193A728D61C75003A4C0E /* LaunchScreen.storyboard */,
				0D7193AA28D61C75003A4C0E /* Info.plist */,
			);
			path = AYTV;
			sourceTree = "<group>";
		};
		0D7193B028D6F06C003A4C0E /* Classes */ = {
			isa = PBXGroup;
			children = (
				0D7193C528D6F06C003A4C0E /* Base */,
				0D7193BD28D6F06C003A4C0E /* Main */,
				0D7193B128D6F06C003A4C0E /* Home */,
				0D7193C128D6F06C003A4C0E /* Rank */,
				0D7193B528D6F06C003A4C0E /* Discover */,
				0D7193B928D6F06C003A4C0E /* Profile */,
			);
			path = Classes;
			sourceTree = "<group>";
		};
		0D7193B128D6F06C003A4C0E /* Home */ = {
			isa = PBXGroup;
			children = (
				0D7193B228D6F06C003A4C0E /* Controller */,
				0D7193B328D6F06C003A4C0E /* Model */,
				0D7193B428D6F06C003A4C0E /* View */,
			);
			path = Home;
			sourceTree = "<group>";
		};
		0D7193B228D6F06C003A4C0E /* Controller */ = {
			isa = PBXGroup;
			children = (
				0D90A47A28D6FB200025EA16 /* Home.storyboard */,
				0D7193E028D6F4D7003A4C0E /* HomeViewController.swift */,
			);
			path = Controller;
			sourceTree = "<group>";
		};
		0D7193B328D6F06C003A4C0E /* Model */ = {
			isa = PBXGroup;
			children = (
			);
			path = Model;
			sourceTree = "<group>";
		};
		0D7193B428D6F06C003A4C0E /* View */ = {
			isa = PBXGroup;
			children = (
			);
			path = View;
			sourceTree = "<group>";
		};
		0D7193B528D6F06C003A4C0E /* Discover */ = {
			isa = PBXGroup;
			children = (
				0D7193B628D6F06C003A4C0E /* Controller */,
				0D7193B728D6F06C003A4C0E /* Model */,
				0D7193B828D6F06C003A4C0E /* View */,
			);
			path = Discover;
			sourceTree = "<group>";
		};
		0D7193B628D6F06C003A4C0E /* Controller */ = {
			isa = PBXGroup;
			children = (
				0D03A2E828D6FD53006BACF6 /* Discover.storyboard */,
				0D7193E428D6F4F4003A4C0E /* DiscoverViewController.swift */,
			);
			path = Controller;
			sourceTree = "<group>";
		};
		0D7193B728D6F06C003A4C0E /* Model */ = {
			isa = PBXGroup;
			children = (
			);
			path = Model;
			sourceTree = "<group>";
		};
		0D7193B828D6F06C003A4C0E /* View */ = {
			isa = PBXGroup;
			children = (
			);
			path = View;
			sourceTree = "<group>";
		};
		0D7193B928D6F06C003A4C0E /* Profile */ = {
			isa = PBXGroup;
			children = (
				0D7193BA28D6F06C003A4C0E /* Controller */,
				0D7193BB28D6F06C003A4C0E /* Model */,
				0D7193BC28D6F06C003A4C0E /* View */,
			);
			path = Profile;
			sourceTree = "<group>";
		};
		0D7193BA28D6F06C003A4C0E /* Controller */ = {
			isa = PBXGroup;
			children = (
				0D90A48428D6FBFF0025EA16 /* Profile.storyboard */,
				0D90A46B28D6F6AC0025EA16 /* ProfileViewController.swift */,
			);
			path = Controller;
			sourceTree = "<group>";
		};
		0D7193BB28D6F06C003A4C0E /* Model */ = {
			isa = PBXGroup;
			children = (
			);
			path = Model;
			sourceTree = "<group>";
		};
		0D7193BC28D6F06C003A4C0E /* View */ = {
			isa = PBXGroup;
			children = (
			);
			path = View;
			sourceTree = "<group>";
		};
		0D7193BD28D6F06C003A4C0E /* Main */ = {
			isa = PBXGroup;
			children = (
				0D7193BE28D6F06C003A4C0E /* Controller */,
				0D7193BF28D6F06C003A4C0E /* Model */,
				0D7193C028D6F06C003A4C0E /* View */,
			);
			path = Main;
			sourceTree = "<group>";
		};
		0D7193BE28D6F06C003A4C0E /* Controller */ = {
			isa = PBXGroup;
			children = (
				0D90A47028D6FA0F0025EA16 /* Main.storyboard */,
				0D7193DE28D6F4A5003A4C0E /* MainViewController.swift */,
			);
			path = Controller;
			sourceTree = "<group>";
		};
		0D7193BF28D6F06C003A4C0E /* Model */ = {
			isa = PBXGroup;
			children = (
			);
			path = Model;
			sourceTree = "<group>";
		};
		0D7193C028D6F06C003A4C0E /* View */ = {
			isa = PBXGroup;
			children = (
			);
			path = View;
			sourceTree = "<group>";
		};
		0D7193C128D6F06C003A4C0E /* Rank */ = {
			isa = PBXGroup;
			children = (
				0D7193C228D6F06C003A4C0E /* Controller */,
				0D7193C328D6F06C003A4C0E /* Model */,
				0D7193C428D6F06C003A4C0E /* View */,
			);
			path = Rank;
			sourceTree = "<group>";
		};
		0D7193C228D6F06C003A4C0E /* Controller */ = {
			isa = PBXGroup;
			children = (
				0D90A47C28D6FB3C0025EA16 /* Rank.storyboard */,
				0D7193E228D6F4E3003A4C0E /* RankViewController.swift */,
			);
			path = Controller;
			sourceTree = "<group>";
		};
		0D7193C328D6F06C003A4C0E /* Model */ = {
			isa = PBXGroup;
			children = (
			);
			path = Model;
			sourceTree = "<group>";
		};
		0D7193C428D6F06C003A4C0E /* View */ = {
			isa = PBXGroup;
			children = (
			);
			path = View;
			sourceTree = "<group>";
		};
		0D7193C528D6F06C003A4C0E /* Base */ = {
			isa = PBXGroup;
			children = (
				0D7193C628D6F06C003A4C0E /* Controller */,
				0D7193C728D6F06C003A4C0E /* Model */,
				0D7193C828D6F06C003A4C0E /* View */,
			);
			path = Base;
			sourceTree = "<group>";
		};
		0D7193C628D6F06C003A4C0E /* Controller */ = {
			isa = PBXGroup;
			children = (
			);
			path = Controller;
			sourceTree = "<group>";
		};
		0D7193C728D6F06C003A4C0E /* Model */ = {
			isa = PBXGroup;
			children = (
			);
			path = Model;
			sourceTree = "<group>";
		};
		0D7193C828D6F06C003A4C0E /* View */ = {
			isa = PBXGroup;
			children = (
			);
			path = View;
			sourceTree = "<group>";
		};
/* End PBXGroup section */

/* Begin PBXNativeTarget section */
		0D71939828D61C71003A4C0E /* AYTV */ = {
			isa = PBXNativeTarget;
			buildConfigurationList = 0D7193AD28D61C75003A4C0E /* Build configuration list for PBXNativeTarget "AYTV" */;
			buildPhases = (
				0D71939528D61C71003A4C0E /* Sources */,
				0D71939628D61C71003A4C0E /* Frameworks */,
				0D71939728D61C71003A4C0E /* Resources */,
			);
			buildRules = (
			);
			dependencies = (
			);
			name = AYTV;
			productName = AYTV;
			productReference = 0D71939928D61C71003A4C0E /* AYTV.app */;
			productType = "com.apple.product-type.application";
		};
/* End PBXNativeTarget section */

/* Begin PBXProject section */
		0D71939128D61C71003A4C0E /* Project object */ = {
			isa = PBXProject;
			attributes = {
				BuildIndependentTargetsInParallel = 1;
				LastSwiftUpdateCheck = 1340;
				LastUpgradeCheck = 1340;
				TargetAttributes = {
					0D71939828D61C71003A4C0E = {
						CreatedOnToolsVersion = 13.4.1;
					};
				};
			};
			buildConfigurationList = 0D71939428D61C71003A4C0E /* Build configuration list for PBXProject "AYTV" */;
			compatibilityVersion = "Xcode 13.0";
			developmentRegion = en;
			hasScannedForEncodings = 0;
			knownRegions = (
				en,
				Base,
			);
			mainGroup = 0D71939028D61C71003A4C0E;
			productRefGroup = 0D71939A28D61C71003A4C0E /* Products */;
			projectDirPath = "";
			projectRoot = "";
			targets = (
				0D71939828D61C71003A4C0E /* AYTV */,
			);
		};
/* End PBXProject section */

/* Begin PBXResourcesBuildPhase section */
		0D71939728D61C71003A4C0E /* Resources */ = {
			isa = PBXResourcesBuildPhase;
			buildActionMask = 2147483647;
			files = (
				0D90A47128D6FA0F0025EA16 /* Main.storyboard in Resources */,
				0D03A2E928D6FD53006BACF6 /* Discover.storyboard in Resources */,
				0D90A47D28D6FB3C0025EA16 /* Rank.storyboard in Resources */,
				0D7193A928D61C75003A4C0E /* LaunchScreen.storyboard in Resources */,
				0D90A48528D6FBFF0025EA16 /* Profile.storyboard in Resources */,
				0D7193A628D61C75003A4C0E /* Assets.xcassets in Resources */,
				0D90A47B28D6FB200025EA16 /* Home.storyboard in Resources */,
			);
			runOnlyForDeploymentPostprocessing = 0;
		};
/* End PBXResourcesBuildPhase section */

/* Begin PBXSourcesBuildPhase section */
		0D71939528D61C71003A4C0E /* Sources */ = {
			isa = PBXSourcesBuildPhase;
			buildActionMask = 2147483647;
			files = (
				0D7193E128D6F4D7003A4C0E /* HomeViewController.swift in Sources */,
				0D7193A128D61C71003A4C0E /* ViewController.swift in Sources */,
				0D7193E528D6F4F4003A4C0E /* DiscoverViewController.swift in Sources */,
				0D7193E328D6F4E3003A4C0E /* RankViewController.swift in Sources */,
				0D71939D28D61C71003A4C0E /* AppDelegate.swift in Sources */,
				0D71939F28D61C71003A4C0E /* SceneDelegate.swift in Sources */,
				0D90A46C28D6F6AC0025EA16 /* ProfileViewController.swift in Sources */,
				0D7193DF28D6F4A5003A4C0E /* MainViewController.swift in Sources */,
			);
			runOnlyForDeploymentPostprocessing = 0;
		};
/* End PBXSourcesBuildPhase section */

/* Begin PBXVariantGroup section */
		0D7193A728D61C75003A4C0E /* LaunchScreen.storyboard */ = {
			isa = PBXVariantGroup;
			children = (
				0D7193A828D61C75003A4C0E /* Base */,
			);
			name = LaunchScreen.storyboard;
			sourceTree = "<group>";
		};
/* End PBXVariantGroup section */

/* Begin XCBuildConfiguration section */
		0D7193AB28D61C75003A4C0E /* Debug */ = {
			isa = XCBuildConfiguration;
			buildSettings = {
				ALWAYS_SEARCH_USER_PATHS = NO;
				CLANG_ANALYZER_NONNULL = YES;
				CLANG_ANALYZER_NUMBER_OBJECT_CONVERSION = YES_AGGRESSIVE;
				CLANG_CXX_LANGUAGE_STANDARD = "gnu++17";
				CLANG_ENABLE_MODULES = YES;
				CLANG_ENABLE_OBJC_ARC = YES;
				CLANG_ENABLE_OBJC_WEAK = YES;
				CLANG_WARN_BLOCK_CAPTURE_AUTORELEASING = YES;
				CLANG_WARN_BOOL_CONVERSION = YES;
				CLANG_WARN_COMMA = YES;
				CLANG_WARN_CONSTANT_CONVERSION = YES;
				CLANG_WARN_DEPRECATED_OBJC_IMPLEMENTATIONS = YES;
				CLANG_WARN_DIRECT_OBJC_ISA_USAGE = YES_ERROR;
				CLANG_WARN_DOCUMENTATION_COMMENTS = YES;
				CLANG_WARN_EMPTY_BODY = YES;
				CLANG_WARN_ENUM_CONVERSION = YES;
				CLANG_WARN_INFINITE_RECURSION = YES;
				CLANG_WARN_INT_CONVERSION = YES;
				CLANG_WARN_NON_LITERAL_NULL_CONVERSION = YES;
				CLANG_WARN_OBJC_IMPLICIT_RETAIN_SELF = YES;
				CLANG_WARN_OBJC_LITERAL_CONVERSION = YES;
				CLANG_WARN_OBJC_ROOT_CLASS = YES_ERROR;
				CLANG_WARN_QUOTED_INCLUDE_IN_FRAMEWORK_HEADER = YES;
				CLANG_WARN_RANGE_LOOP_ANALYSIS = YES;
				CLANG_WARN_STRICT_PROTOTYPES = YES;
				CLANG_WARN_SUSPICIOUS_MOVE = YES;
				CLANG_WARN_UNGUARDED_AVAILABILITY = YES_AGGRESSIVE;
				CLANG_WARN_UNREACHABLE_CODE = YES;
				CLANG_WARN__DUPLICATE_METHOD_MATCH = YES;
				COPY_PHASE_STRIP = NO;
				DEBUG_INFORMATION_FORMAT = dwarf;
				ENABLE_STRICT_OBJC_MSGSEND = YES;
				ENABLE_TESTABILITY = YES;
				GCC_C_LANGUAGE_STANDARD = gnu11;
				GCC_DYNAMIC_NO_PIC = NO;
				GCC_NO_COMMON_BLOCKS = YES;
				GCC_OPTIMIZATION_LEVEL = 0;
				GCC_PREPROCESSOR_DEFINITIONS = (
					"DEBUG=1",
					"$(inherited)",
				);
				GCC_WARN_64_TO_32_BIT_CONVERSION = YES;
				GCC_WARN_ABOUT_RETURN_TYPE = YES_ERROR;
				GCC_WARN_UNDECLARED_SELECTOR = YES;
				GCC_WARN_UNINITIALIZED_AUTOS = YES_AGGRESSIVE;
				GCC_WARN_UNUSED_FUNCTION = YES;
				GCC_WARN_UNUSED_VARIABLE = YES;
				IPHONEOS_DEPLOYMENT_TARGET = 15.5;
				MTL_ENABLE_DEBUG_INFO = INCLUDE_SOURCE;
				MTL_FAST_MATH = YES;
				ONLY_ACTIVE_ARCH = YES;
				SDKROOT = iphoneos;
				SWIFT_ACTIVE_COMPILATION_CONDITIONS = DEBUG;
				SWIFT_OPTIMIZATION_LEVEL = "-Onone";
			};
			name = Debug;
		};
		0D7193AC28D61C75003A4C0E /* Release */ = {
			isa = XCBuildConfiguration;
			buildSettings = {
				ALWAYS_SEARCH_USER_PATHS = NO;
				CLANG_ANALYZER_NONNULL = YES;
				CLANG_ANALYZER_NUMBER_OBJECT_CONVERSION = YES_AGGRESSIVE;
				CLANG_CXX_LANGUAGE_STANDARD = "gnu++17";
				CLANG_ENABLE_MODULES = YES;
				CLANG_ENABLE_OBJC_ARC = YES;
				CLANG_ENABLE_OBJC_WEAK = YES;
				CLANG_WARN_BLOCK_CAPTURE_AUTORELEASING = YES;
				CLANG_WARN_BOOL_CONVERSION = YES;
				CLANG_WARN_COMMA = YES;
				CLANG_WARN_CONSTANT_CONVERSION = YES;
				CLANG_WARN_DEPRECATED_OBJC_IMPLEMENTATIONS = YES;
				CLANG_WARN_DIRECT_OBJC_ISA_USAGE = YES_ERROR;
				CLANG_WARN_DOCUMENTATION_COMMENTS = YES;
				CLANG_WARN_EMPTY_BODY = YES;
				CLANG_WARN_ENUM_CONVERSION = YES;
				CLANG_WARN_INFINITE_RECURSION = YES;
				CLANG_WARN_INT_CONVERSION = YES;
				CLANG_WARN_NON_LITERAL_NULL_CONVERSION = YES;
				CLANG_WARN_OBJC_IMPLICIT_RETAIN_SELF = YES;
				CLANG_WARN_OBJC_LITERAL_CONVERSION = YES;
				CLANG_WARN_OBJC_ROOT_CLASS = YES_ERROR;
				CLANG_WARN_QUOTED_INCLUDE_IN_FRAMEWORK_HEADER = YES;
				CLANG_WARN_RANGE_LOOP_ANALYSIS = YES;
				CLANG_WARN_STRICT_PROTOTYPES = YES;
				CLANG_WARN_SUSPICIOUS_MOVE = YES;
				CLANG_WARN_UNGUARDED_AVAILABILITY = YES_AGGRESSIVE;
				CLANG_WARN_UNREACHABLE_CODE = YES;
				CLANG_WARN__DUPLICATE_METHOD_MATCH = YES;
				COPY_PHASE_STRIP = NO;
				DEBUG_INFORMATION_FORMAT = "dwarf-with-dsym";
				ENABLE_NS_ASSERTIONS = NO;
				ENABLE_STRICT_OBJC_MSGSEND = YES;
				GCC_C_LANGUAGE_STANDARD = gnu11;
				GCC_NO_COMMON_BLOCKS = YES;
				GCC_WARN_64_TO_32_BIT_CONVERSION = YES;
				GCC_WARN_ABOUT_RETURN_TYPE = YES_ERROR;
				GCC_WARN_UNDECLARED_SELECTOR = YES;
				GCC_WARN_UNINITIALIZED_AUTOS = YES_AGGRESSIVE;
				GCC_WARN_UNUSED_FUNCTION = YES;
				GCC_WARN_UNUSED_VARIABLE = YES;
				IPHONEOS_DEPLOYMENT_TARGET = 15.5;
				MTL_ENABLE_DEBUG_INFO = NO;
				MTL_FAST_MATH = YES;
				SDKROOT = iphoneos;
				SWIFT_COMPILATION_MODE = wholemodule;
				SWIFT_OPTIMIZATION_LEVEL = "-O";
				VALIDATE_PRODUCT = YES;
			};
			name = Release;
		};
		0D7193AE28D61C75003A4C0E /* Debug */ = {
			isa = XCBuildConfiguration;
			buildSettings = {
				ASSETCATALOG_COMPILER_APPICON_NAME = AppIcon;
				ASSETCATALOG_COMPILER_GLOBAL_ACCENT_COLOR_NAME = AccentColor;
				CODE_SIGN_STYLE = Automatic;
				CURRENT_PROJECT_VERSION = 1;
				GENERATE_INFOPLIST_FILE = YES;
				INFOPLIST_FILE = AYTV/Info.plist;
				INFOPLIST_KEY_UIApplicationSupportsIndirectInputEvents = YES;
				INFOPLIST_KEY_UILaunchStoryboardName = LaunchScreen;
				INFOPLIST_KEY_UIMainStoryboardFile = Main;
				INFOPLIST_KEY_UISupportedInterfaceOrientations_iPad = "UIInterfaceOrientationPortrait UIInterfaceOrientationPortraitUpsideDown UIInterfaceOrientationLandscapeLeft UIInterfaceOrientationLandscapeRight";
				INFOPLIST_KEY_UISupportedInterfaceOrientations_iPhone = "UIInterfaceOrientationPortrait UIInterfaceOrientationLandscapeLeft UIInterfaceOrientationLandscapeRight";
				LD_RUNPATH_SEARCH_PATHS = (
					"$(inherited)",
					"@executable_path/Frameworks",
				);
				MARKETING_VERSION = 1.0;
				PRODUCT_BUNDLE_IDENTIFIER = andy.AYTV;
				PRODUCT_NAME = "$(TARGET_NAME)";
				SWIFT_EMIT_LOC_STRINGS = YES;
				SWIFT_VERSION = 5.0;
				TARGETED_DEVICE_FAMILY = "1,2";
			};
			name = Debug;
		};
		0D7193AF28D61C75003A4C0E /* Release */ = {
			isa = XCBuildConfiguration;
			buildSettings = {
				ASSETCATALOG_COMPILER_APPICON_NAME = AppIcon;
				ASSETCATALOG_COMPILER_GLOBAL_ACCENT_COLOR_NAME = AccentColor;
				CODE_SIGN_STYLE = Automatic;
				CURRENT_PROJECT_VERSION = 1;
				GENERATE_INFOPLIST_FILE = YES;
				INFOPLIST_FILE = AYTV/Info.plist;
				INFOPLIST_KEY_UIApplicationSupportsIndirectInputEvents = YES;
				INFOPLIST_KEY_UILaunchStoryboardName = LaunchScreen;
				INFOPLIST_KEY_UIMainStoryboardFile = Main;
				INFOPLIST_KEY_UISupportedInterfaceOrientations_iPad = "UIInterfaceOrientationPortrait UIInterfaceOrientationPortraitUpsideDown UIInterfaceOrientationLandscapeLeft UIInterfaceOrientationLandscapeRight";
				INFOPLIST_KEY_UISupportedInterfaceOrientations_iPhone = "UIInterfaceOrientationPortrait UIInterfaceOrientationLandscapeLeft UIInterfaceOrientationLandscapeRight";
				LD_RUNPATH_SEARCH_PATHS = (
					"$(inherited)",
					"@executable_path/Frameworks",
				);
				MARKETING_VERSION = 1.0;
				PRODUCT_BUNDLE_IDENTIFIER = andy.AYTV;
				PRODUCT_NAME = "$(TARGET_NAME)";
				SWIFT_EMIT_LOC_STRINGS = YES;
				SWIFT_VERSION = 5.0;
				TARGETED_DEVICE_FAMILY = "1,2";
			};
			name = Release;
		};
/* End XCBuildConfiguration section */

/* Begin XCConfigurationList section */
		0D71939428D61C71003A4C0E /* Build configuration list for PBXProject "AYTV" */ = {
			isa = XCConfigurationList;
			buildConfigurations = (
				0D7193AB28D61C75003A4C0E /* Debug */,
				0D7193AC28D61C75003A4C0E /* Release */,
			);
			defaultConfigurationIsVisible = 0;
			defaultConfigurationName = Release;
		};
		0D7193AD28D61C75003A4C0E /* Build configuration list for PBXNativeTarget "AYTV" */ = {
			isa = XCConfigurationList;
			buildConfigurations = (
				0D7193AE28D61C75003A4C0E /* Debug */,
				0D7193AF28D61C75003A4C0E /* Release */,
			);
			defaultConfigurationIsVisible = 0;
			defaultConfigurationName = Release;
		};
/* End XCConfigurationList section */
	};
	rootObject = 0D71939128D61C71003A4C0E /* Project object */;
}
